
Microsoft Visual Studio Solution File, Format Version 12.00
Project("{FAE04EC0-301F-11D3-BF4B-00C04F79EFBC}") = "ChatApp.Backend", "ChatApp.Backend\ChatApp.Backend.csproj", "{57982E40-5701-451D-B262-45E6E442E8D5}"
EndProject
Global
	GlobalSection(SolutionConfigurationPlatforms) = preSolution
		Debug|Any CPU = Debug|Any CPU
		Release|Any CPU = Release|Any CPU
	EndGlobalSection
	GlobalSection(ProjectConfigurationPlatforms) = postSolution
		{57982E40-5701-451D-B262-45E6E442E8D5}.Debug|Any CPU.ActiveCfg = Debug|Any CPU
		{57982E40-5701-451D-B262-45E6E442E8D5}.Debug|Any CPU.Build.0 = Debug|Any CPU
		{57982E40-5701-451D-B262-45E6E442E8D5}.Release|Any CPU.ActiveCfg = Release|Any CPU
		{57982E40-5701-451D-B262-45E6E442E8D5}.Release|Any CPU.Build.0 = Release|Any CPU
	EndGlobalSection
EndGlobal
